
Microsoft Visual Studio Solution File, Format Version 12.00
# Visual Studio Version 16
VisualStudioVersion = 16.0.29215.179
MinimumVisualStudioVersion = 10.0.40219.1
Project("{FAE04EC0-301F-11D3-BF4B-00C04F79EFBC}") = "KarliCards Gui", "WpfApp3Chapter 15 pag 403\KarliCards Gui.csproj", "{B253593F-A03D-4B03-8971-809AD20AB962}"
EndProject
Global
	GlobalSection(SolutionConfigurationPlatforms) = preSolution
		Debug|Any CPU = Debug|Any CPU
		Release|Any CPU = Release|Any CPU
	EndGlobalSection
	GlobalSection(ProjectConfigurationPlatforms) = postSolution
		{B253593F-A03D-4B03-8971-809AD20AB962}.Debug|Any CPU.ActiveCfg = Debug|Any CPU
		{B253593F-A03D-4B03-8971-809AD20AB962}.Debug|Any CPU.Build.0 = Debug|Any CPU
		{B253593F-A03D-4B03-8971-809AD20AB962}.Release|Any CPU.ActiveCfg = Release|Any CPU
		{B253593F-A03D-4B03-8971-809AD20AB962}.Release|Any CPU.Build.0 = Release|Any CPU
	EndGlobalSection
	GlobalSection(SolutionProperties) = preSolution
		HideSolutionNode = FALSE
	EndGlobalSection
	GlobalSection(ExtensibilityGlobals) = postSolution
		SolutionGuid = {82A70B61-1212-400E-A6E0-EBC410155EC8}
	EndGlobalSection
EndGlobal
